github.com/aymerick/raymond v2.0.2+incompatible h1:VEp3GpgdAnv9B2GFyTvqgcKvY+mfKMjPOA3SbKLtnU0=
github.com/aymerick/raymond v2.0.2+incompatible/go.mod h1:osfaiScAUVup+UC9Nfq76eWqDhXlp+4UYaA8uhTBO6g=
github.com/bitnami/gonit v0.1.0 h1:f0+5lCjX/1ar4iPrvlcE91TDE2nElxibNwvWXXy1sEU=
github.com/bitnami/gonit v0.1.0/go.mod h1:rWUClL7qwHeUIIP7SkokjfvE3RonglnANqJtzUpyHyU=
github.com/cesanta/errors v0.0.0-20160612174407-5adec772d663 h1:yxe0VAaLkwh7cXoC9IhNhUuJa91au1BMEOWWKxgjK94=
github.com/cesanta/errors v0.0.0-20160612174407-5adec772d663/go.mod h1:5V6uYRtJZjiJla602WCKuuB+JiHZDG1E3KOHWmBxr48=
github.com/davecgh/go-spew v1.1.1 h1:vj9j/u1bqnvCEfJOwUhtlOARqs3+rkHYY13jYWTU97c=
github.com/davecgh/go-spew v1.1.1/go.mod h1:J7Y8YcW2NihsgmVo/mv3lAwl/skON4iLHjSsI+c5H38=
github.com/jessevdk/go-flags v1.6.1 h1:Cvu5U8UGrLay1rZfv/zP7iLpSHGUZ/Ou68T0iX1bBK4=
github.com/jessevdk/go-flags v1.6.1/go.mod h1:Mk8T1hIAWpOiJiHa9rJASDK2UGWji0EuPGBnNLMooyc=
github.com/juamedgod/cliassert v0.0.0-20180320011200-425256f2bb0b h1:j2GwaFh0vduPA3PilmBcsdWv0reobJHyIxGJnh9gIAA=
github.com/juamedgod/cliassert v0.0.0-20180320011200-425256f2bb0b/go.mod h1:+N11eVKRhj1RNqjc9l+QMib0/XYixFOywXFH1zoGucg=
github.com/mmikulicic/multierror v0.0.0-20170428094957-c1ad6b5ecd26 h1:Sk/rGhRF3TAxGR8Ldp3lAUw8GJehJct+5LVU79F13DI=
github.com/mmikulicic/multierror v0.0.0-20170428094957-c1ad6b5ecd26/go.mod h1:GNJ15ZAuaQsmIEb/VWpp0pn83vYzb6PglASRGNhEPww=
github.com/pmezard/go-difflib v1.0.0 h1:4DBwDE0NGyQoBHbLQYPwSUPoCMWR5BEzIk/f1lZbAQM=
github.com/pmezard/go-difflib v1.0.0/go.mod h1:iKH77koFhYxTK1pcRnkKkqfTogsbg7gZNVY4sRDYZ/4=
github.com/stretchr/testify v1.2.1 h1:52QO5WkIUcHGIR7EnGagH88x1bUzqGXTC5/1bDTUQ7U=
github.com/stretchr/testify v1.2.1/go.mod h1:a8OnRcib4nhh0OaRAV+Yts87kKdq0PP7pXfy6kDkUVs=
golang.org/x/sys v0.21.0 h1:rF+pYz3DAGSQAxAu1CbC7catZg4ebC4UIeIhKxBZvws=
golang.org/x/sys v0.21.0/go.mod h1:/VUhepiaJMQUp4+oa/7Zr1D23ma6VTLIYjOOTFZPUcA=
gopkg.in/check.v1 v0.0.0-20161208181325-20d25e280405/go.mod h1:Co6ibVJAznAaIkqp8huTwlJQCZ016jof/cbN4VW5Yz0=
gopkg.in/yaml.v2 v2.4.0 h1:D8xgwECY7CYvx+Y2n4sBz93Jn9JRvxdiyyo8CTfuKaY=
gopkg.in/yaml.v2 v2.4.0/go.mod h1:RDklbk79AGWmwhnvt/jBztapEOGDOx6ZbXqjP6csGnQ=
