# This file is autogenerated, do not edit; changes may be undone by the next 'dep ensure'.


[[projects]]
  name = "github.com/aymerick/raymond"
  packages = [
    ".",
    "ast",
    "lexer",
    "parser"
  ]
  revision = "a2232af10b53ef1ae5a767f5178db3a6c1dab655"
  version = "v2.0.1"

[[projects]]
  name = "github.com/bitnami/gonit"
  packages = ["testutils"]
  revision = "4ab548217a9445c8a5ae5b832d1e7b3ad993cf38"
  version = "v0.1.0"

[[projects]]
  name = "github.com/davecgh/go-spew"
  packages = ["spew"]
  revision = "346938d642f2ec3594ed81d874461961cd0faa76"
  version = "v1.1.0"

[[projects]]
  name = "github.com/jessevdk/go-flags"
  packages = ["."]
  revision = "96dc06278ce32a0e9d957d590bb987c81ee66407"
  version = "v1.3.0"

[[projects]]
  branch = "master"
  name = "github.com/juamedgod/cliassert"
  packages = ["."]
  revision = "425256f2bb0b859cff5eec2b14ceddb9182303c9"

[[projects]]
  branch = "master"
  name = "github.com/mmikulicic/multierror"
  packages = ["."]
  revision = "c1ad6b5ecd26cce22a8e243d1e3814afd312a15f"

[[projects]]
  name = "github.com/pmezard/go-difflib"
  packages = ["difflib"]
  revision = "792786c7400a136282c1664665ae0a8db921c6c2"
  version = "v1.0.0"

[[projects]]
  name = "github.com/stretchr/testify"
  packages = [
    "assert",
    "require"
  ]
  revision = "12b6f73e6084dad08a7c6e575284b177ecafbc71"
  version = "v1.2.1"

[solve-meta]
  analyzer-name = "dep"
  analyzer-version = 1
  inputs-digest = "0d62b5376a5f46938a23afbb22dff4405976620cdee3871833e23b66fcc3b29a"
  solver-name = "gps-cdcl"
  solver-version = 1
